
Microsoft Visual Studio Solution File, Format Version 12.00
# Visual Studio 15
VisualStudioVersion = 15.0.28010.2036
MinimumVisualStudioVersion = 10.0.40219.1
Project("{FAE04EC0-301F-11D3-BF4B-00C04F79EFBC}") = "SD_GraphicRedactor", "SD_GraphicRedactor\SD_GraphicRedactor.csproj", "{8094729D-8765-4F98-B37C-8957956F7C4F}"
EndProject
Global
	GlobalSection(SolutionConfigurationPlatforms) = preSolution
		Debug|Any CPU = Debug|Any CPU
		Release|Any CPU = Release|Any CPU
	EndGlobalSection
	GlobalSection(ProjectConfigurationPlatforms) = postSolution
		{8094729D-8765-4F98-B37C-8957956F7C4F}.Debug|Any CPU.ActiveCfg = Debug|Any CPU
		{8094729D-8765-4F98-B37C-8957956F7C4F}.Debug|Any CPU.Build.0 = Debug|Any CPU
		{8094729D-8765-4F98-B37C-8957956F7C4F}.Release|Any CPU.ActiveCfg = Release|Any CPU
		{8094729D-8765-4F98-B37C-8957956F7C4F}.Release|Any CPU.Build.0 = Release|Any CPU
	EndGlobalSection
	GlobalSection(SolutionProperties) = preSolution
		HideSolutionNode = FALSE
	EndGlobalSection
	GlobalSection(ExtensibilityGlobals) = postSolution
		SolutionGuid = {0C32B5D4-7176-454F-9600-BDE5AE3958AB}
	EndGlobalSection
EndGlobal
